
Microsoft Visual Studio Solution File, Format Version 12.00
# Visual Studio Version 17
VisualStudioVersion = 17.4.33110.190
MinimumVisualStudioVersion = 10.0.40219.1
Project("{FAE04EC0-301F-11D3-BF4B-00C04F79EFBC}") = "getAcademy-sql", "getAcademy-sql\getAcademy-sql.csproj", "{4923FB41-EFD3-430A-A725-8679EF2E6FBE}"
EndProject
Global
	GlobalSection(SolutionConfigurationPlatforms) = preSolution
		Debug|Any CPU = Debug|Any CPU
		Release|Any CPU = Release|Any CPU
	EndGlobalSection
	GlobalSection(ProjectConfigurationPlatforms) = postSolution
		{4923FB41-EFD3-430A-A725-8679EF2E6FBE}.Debug|Any CPU.ActiveCfg = Debug|Any CPU
		{4923FB41-EFD3-430A-A725-8679EF2E6FBE}.Debug|Any CPU.Build.0 = Debug|Any CPU
		{4923FB41-EFD3-430A-A725-8679EF2E6FBE}.Release|Any CPU.ActiveCfg = Release|Any CPU
		{4923FB41-EFD3-430A-A725-8679EF2E6FBE}.Release|Any CPU.Build.0 = Release|Any CPU
	EndGlobalSection
	GlobalSection(SolutionProperties) = preSolution
		HideSolutionNode = FALSE
	EndGlobalSection
	GlobalSection(ExtensibilityGlobals) = postSolution
		SolutionGuid = {0F0B2A39-016F-4168-A216-A33AA4E98E04}
	EndGlobalSection
EndGlobal
